dependencies:
  button:
    component_hash: null
    source:
      path: /home/mperko/esp2/esp-idf/examples/bluetooth/esp_ble_mesh/common_components/button
      type: local
    version: '*'
  example_init:
    component_hash: null
    source:
      path: /home/mperko/esp2/esp-idf/examples/bluetooth/esp_ble_mesh/common_components/example_init
      type: local
    version: '*'
  example_nvs:
    component_hash: null
    source:
      path: /home/mperko/esp2/esp-idf/examples/bluetooth/esp_ble_mesh/common_components/example_nvs
      type: local
    version: '*'
  idf:
    component_hash: null
    source:
      type: idf
    version: 5.4.0
manifest_hash: 50a947dc5103418c698f1af3a96e3c2c67cedf98d416413ccca744b9697a168a
target: esp32c6
version: 1.0.0
